dependencies:
- name: cloudnative-pg
  repository: https://cloudnative-pg.github.io/charts
  version: 0.23.2
- name: eck-operator
  repository: https://helm.elastic.co
  version: 2.16.1
- name: milvus-operator
  repository: https://zilliztech.github.io/milvus-operator/
  version: 1.2.1
- name: base
  repository: https://istio-release.storage.googleapis.com/charts
  version: 1.24.2
- name: istiod
  repository: https://istio-release.storage.googleapis.com/charts
  version: 1.24.2
digest: sha256:c286b8dc13c5bb6684422718de59e7687882dba9c734412d07a0bd944418e484
generated: "2025-04-11T01:08:07.854733-04:00"
